
Microsoft Visual Studio Solution File, Format Version 12.00
# Visual Studio 2013
VisualStudioVersion = 12.0.31101.0
MinimumVisualStudioVersion = 10.0.40219.1
Project("{FAE04EC0-301F-11D3-BF4B-00C04F79EFBC}") = "BeginningCSharp", "BeginningCSharp\BeginningCSharp.csproj", "{3BE60672-58E5-459F-9871-A03250C56050}"
EndProject
Project("{FAE04EC0-301F-11D3-BF4B-00C04F79EFBC}") = "RoleIdentity", "RoleIdentity\RoleIdentity.csproj", "{460142D6-8A78-487E-AAF1-0AAAC88F6D23}"
EndProject
Project("{FAE04EC0-301F-11D3-BF4B-00C04F79EFBC}") = "RoleIdentity.Tests", "RoleIdentity.Tests\RoleIdentity.Tests.csproj", "{065202FF-9C03-4004-A149-FBDD7B617303}"
EndProject
Global
	GlobalSection(SolutionConfigurationPlatforms) = preSolution
		Debug|Any CPU = Debug|Any CPU
		Release|Any CPU = Release|Any CPU
	EndGlobalSection
	GlobalSection(ProjectConfigurationPlatforms) = postSolution
		{3BE60672-58E5-459F-9871-A03250C56050}.Debug|Any CPU.ActiveCfg = Debug|Any CPU
		{3BE60672-58E5-459F-9871-A03250C56050}.Debug|Any CPU.Build.0 = Debug|Any CPU
		{3BE60672-58E5-459F-9871-A03250C56050}.Release|Any CPU.ActiveCfg = Release|Any CPU
		{3BE60672-58E5-459F-9871-A03250C56050}.Release|Any CPU.Build.0 = Release|Any CPU
		{460142D6-8A78-487E-AAF1-0AAAC88F6D23}.Debug|Any CPU.ActiveCfg = Debug|Any CPU
		{460142D6-8A78-487E-AAF1-0AAAC88F6D23}.Debug|Any CPU.Build.0 = Debug|Any CPU
		{460142D6-8A78-487E-AAF1-0AAAC88F6D23}.Release|Any CPU.ActiveCfg = Release|Any CPU
		{460142D6-8A78-487E-AAF1-0AAAC88F6D23}.Release|Any CPU.Build.0 = Release|Any CPU
		{065202FF-9C03-4004-A149-FBDD7B617303}.Debug|Any CPU.ActiveCfg = Debug|Any CPU
		{065202FF-9C03-4004-A149-FBDD7B617303}.Debug|Any CPU.Build.0 = Debug|Any CPU
		{065202FF-9C03-4004-A149-FBDD7B617303}.Release|Any CPU.ActiveCfg = Release|Any CPU
		{065202FF-9C03-4004-A149-FBDD7B617303}.Release|Any CPU.Build.0 = Release|Any CPU
	EndGlobalSection
	GlobalSection(SolutionProperties) = preSolution
		HideSolutionNode = FALSE
	EndGlobalSection
EndGlobal
